
Microsoft Visual Studio Solution File, Format Version 12.00
# Visual Studio Version 16
VisualStudioVersion = 16.0.32428.217
MinimumVisualStudioVersion = 10.0.40219.1
Project("{FAE04EC0-301F-11D3-BF4B-00C04F79EFBC}") = "Partial", "Partial\Partial.csproj", "{3431144E-DBC1-48B0-9A0B-F9D83E0A5AF7}"
EndProject
Project("{FAE04EC0-301F-11D3-BF4B-00C04F79EFBC}") = "AccessModifier", "AccessModifier\AccessModifier.csproj", "{6214EC9F-D637-4CD3-8322-988FBBF51C95}"
EndProject
Global
	GlobalSection(SolutionConfigurationPlatforms) = preSolution
		Debug|Any CPU = Debug|Any CPU
		Release|Any CPU = Release|Any CPU
	EndGlobalSection
	GlobalSection(ProjectConfigurationPlatforms) = postSolution
		{3431144E-DBC1-48B0-9A0B-F9D83E0A5AF7}.Debug|Any CPU.ActiveCfg = Debug|Any CPU
		{3431144E-DBC1-48B0-9A0B-F9D83E0A5AF7}.Debug|Any CPU.Build.0 = Debug|Any CPU
		{3431144E-DBC1-48B0-9A0B-F9D83E0A5AF7}.Release|Any CPU.ActiveCfg = Release|Any CPU
		{3431144E-DBC1-48B0-9A0B-F9D83E0A5AF7}.Release|Any CPU.Build.0 = Release|Any CPU
		{6214EC9F-D637-4CD3-8322-988FBBF51C95}.Debug|Any CPU.ActiveCfg = Debug|Any CPU
		{6214EC9F-D637-4CD3-8322-988FBBF51C95}.Debug|Any CPU.Build.0 = Debug|Any CPU
		{6214EC9F-D637-4CD3-8322-988FBBF51C95}.Release|Any CPU.ActiveCfg = Release|Any CPU
		{6214EC9F-D637-4CD3-8322-988FBBF51C95}.Release|Any CPU.Build.0 = Release|Any CPU
	EndGlobalSection
	GlobalSection(SolutionProperties) = preSolution
		HideSolutionNode = FALSE
	EndGlobalSection
	GlobalSection(ExtensibilityGlobals) = postSolution
		SolutionGuid = {779CD598-12A0-4158-90A8-F83F053CBA4D}
	EndGlobalSection
EndGlobal
